
Microsoft Visual Studio Solution File, Format Version 12.00
# Visual Studio Version 17
VisualStudioVersion = 17.14.36310.24
MinimumVisualStudioVersion = 10.0.40219.1
Project("{FAE04EC0-301F-11D3-BF4B-00C04F79EFBC}") = "CSharpInterviewPrep", "CSharpInterviewPrep.csproj", "{AB5ED318-AEB9-CA00-71AE-5C5A097D4D1B}"
EndProject
Project("{FAE04EC0-301F-11D3-BF4B-00C04F79EFBC}") = "CSharpInterviewPrep.Tests", "CSharpInterviewPrep.Tests\CSharpInterviewPrep.Tests.csproj", "{210E07D0-D8D7-421E-A8C4-D846C0AFD11F}"
EndProject
Global
	GlobalSection(SolutionConfigurationPlatforms) = preSolution
		Debug|Any CPU = Debug|Any CPU
		Debug|x64 = Debug|x64
		Debug|x86 = Debug|x86
		Release|Any CPU = Release|Any CPU
		Release|x64 = Release|x64
		Release|x86 = Release|x86
	EndGlobalSection
	GlobalSection(ProjectConfigurationPlatforms) = postSolution
		{AB5ED318-AEB9-CA00-71AE-5C5A097D4D1B}.Debug|Any CPU.ActiveCfg = Debug|Any CPU
		{AB5ED318-AEB9-CA00-71AE-5C5A097D4D1B}.Debug|Any CPU.Build.0 = Debug|Any CPU
		{AB5ED318-AEB9-CA00-71AE-5C5A097D4D1B}.Debug|x64.ActiveCfg = Debug|Any CPU
		{AB5ED318-AEB9-CA00-71AE-5C5A097D4D1B}.Debug|x64.Build.0 = Debug|Any CPU
		{AB5ED318-AEB9-CA00-71AE-5C5A097D4D1B}.Debug|x86.ActiveCfg = Debug|Any CPU
		{AB5ED318-AEB9-CA00-71AE-5C5A097D4D1B}.Debug|x86.Build.0 = Debug|Any CPU
		{AB5ED318-AEB9-CA00-71AE-5C5A097D4D1B}.Release|Any CPU.ActiveCfg = Release|Any CPU
		{AB5ED318-AEB9-CA00-71AE-5C5A097D4D1B}.Release|Any CPU.Build.0 = Release|Any CPU
		{AB5ED318-AEB9-CA00-71AE-5C5A097D4D1B}.Release|x64.ActiveCfg = Release|Any CPU
		{AB5ED318-AEB9-CA00-71AE-5C5A097D4D1B}.Release|x64.Build.0 = Release|Any CPU
		{AB5ED318-AEB9-CA00-71AE-5C5A097D4D1B}.Release|x86.ActiveCfg = Release|Any CPU
		{AB5ED318-AEB9-CA00-71AE-5C5A097D4D1B}.Release|x86.Build.0 = Release|Any CPU
		{210E07D0-D8D7-421E-A8C4-D846C0AFD11F}.Debug|Any CPU.ActiveCfg = Debug|Any CPU
		{210E07D0-D8D7-421E-A8C4-D846C0AFD11F}.Debug|Any CPU.Build.0 = Debug|Any CPU
		{210E07D0-D8D7-421E-A8C4-D846C0AFD11F}.Debug|x64.ActiveCfg = Debug|Any CPU
		{210E07D0-D8D7-421E-A8C4-D846C0AFD11F}.Debug|x64.Build.0 = Debug|Any CPU
		{210E07D0-D8D7-421E-A8C4-D846C0AFD11F}.Debug|x86.ActiveCfg = Debug|Any CPU
		{210E07D0-D8D7-421E-A8C4-D846C0AFD11F}.Debug|x86.Build.0 = Debug|Any CPU
		{210E07D0-D8D7-421E-A8C4-D846C0AFD11F}.Release|Any CPU.ActiveCfg = Release|Any CPU
		{210E07D0-D8D7-421E-A8C4-D846C0AFD11F}.Release|Any CPU.Build.0 = Release|Any CPU
		{210E07D0-D8D7-421E-A8C4-D846C0AFD11F}.Release|x64.ActiveCfg = Release|Any CPU
		{210E07D0-D8D7-421E-A8C4-D846C0AFD11F}.Release|x64.Build.0 = Release|Any CPU
		{210E07D0-D8D7-421E-A8C4-D846C0AFD11F}.Release|x86.ActiveCfg = Release|Any CPU
		{210E07D0-D8D7-421E-A8C4-D846C0AFD11F}.Release|x86.Build.0 = Release|Any CPU
	EndGlobalSection
	GlobalSection(SolutionProperties) = preSolution
		HideSolutionNode = FALSE
	EndGlobalSection
	GlobalSection(ExtensibilityGlobals) = postSolution
		SolutionGuid = {D7022E0B-B150-4499-B3CE-E45F391C7DBA}
	EndGlobalSection
EndGlobal
